
Microsoft Visual Studio Solution File, Format Version 12.00
# Visual Studio Version 17
VisualStudioVersion = 17.4.33213.308
MinimumVisualStudioVersion = 10.0.40219.1
Project("{FAE04EC0-301F-11D3-BF4B-00C04F79EFBC}") = "DeveloperTestTask", "DeveloperTestTask\DeveloperTestTask.csproj", "{6D38D8CD-804E-4752-88BB-1A606D31643C}"
EndProject
Project("{FAE04EC0-301F-11D3-BF4B-00C04F79EFBC}") = "SquareSolver", "SquareSolver\SquareSolver.csproj", "{AA0990C5-8EE1-4259-BC1B-13D60D291CB0}"
EndProject
Global
	GlobalSection(SolutionConfigurationPlatforms) = preSolution
		Debug|Any CPU = Debug|Any CPU
		Release|Any CPU = Release|Any CPU
	EndGlobalSection
	GlobalSection(ProjectConfigurationPlatforms) = postSolution
		{6D38D8CD-804E-4752-88BB-1A606D31643C}.Debug|Any CPU.ActiveCfg = Debug|Any CPU
		{6D38D8CD-804E-4752-88BB-1A606D31643C}.Debug|Any CPU.Build.0 = Debug|Any CPU
		{6D38D8CD-804E-4752-88BB-1A606D31643C}.Release|Any CPU.ActiveCfg = Release|Any CPU
		{6D38D8CD-804E-4752-88BB-1A606D31643C}.Release|Any CPU.Build.0 = Release|Any CPU
		{AA0990C5-8EE1-4259-BC1B-13D60D291CB0}.Debug|Any CPU.ActiveCfg = Debug|Any CPU
		{AA0990C5-8EE1-4259-BC1B-13D60D291CB0}.Debug|Any CPU.Build.0 = Debug|Any CPU
		{AA0990C5-8EE1-4259-BC1B-13D60D291CB0}.Release|Any CPU.ActiveCfg = Release|Any CPU
		{AA0990C5-8EE1-4259-BC1B-13D60D291CB0}.Release|Any CPU.Build.0 = Release|Any CPU
	EndGlobalSection
	GlobalSection(SolutionProperties) = preSolution
		HideSolutionNode = FALSE
	EndGlobalSection
	GlobalSection(ExtensibilityGlobals) = postSolution
		SolutionGuid = {7ED4A2B3-9887-410C-9E0A-E16425F2AB91}
	EndGlobalSection
EndGlobal
